// !$*UTF8*$!
{
	archiveVersion = 1;
	classes = {
	};
	objectVersion = 50;
	objects = {

/* Begin PBXBuildFile section */
		84993C97251EB6C3003411BD /* PDFCompressor.framework in Frameworks */ = {isa = PBXBuildFile; fileRef = 84993C8E251EB6C3003411BD /* PDFCompressor.framework */; };
		84993C9C251EB6C4003411BD /* PDFCompressorCompressionTests.swift in Sources */ = {isa = PBXBuildFile; fileRef = 84993C9B251EB6C3003411BD /* PDFCompressorCompressionTests.swift */; };
		84993C9E251EB6C4003411BD /* PDFCompressor.h in Headers */ = {isa = PBXBuildFile; fileRef = 84993C90251EB6C3003411BD /* PDFCompressor.h */; settings = {ATTRIBUTES = (Public, ); }; };
		84993CAD251EB7E1003411BD /* PDFCompressor.swift in Sources */ = {isa = PBXBuildFile; fileRef = 849F0998251D9F3E00F4D896 /* PDFCompressor.swift */; };
		84993CB4251EB7E4003411BD /* QuartzFilter+ResourceName.swift in Sources */ = {isa = PBXBuildFile; fileRef = 849F09A8251DDC5300F4D896 /* QuartzFilter+ResourceName.swift */; };
		84993CE1251EB9D5003411BD /* Compress PDF.qfilter in Resources */ = {isa = PBXBuildFile; fileRef = 849F099E251DCA5300F4D896 /* Compress PDF.qfilter */; };
		84993D05251EDAAA003411BD /* Compress PDF.qfilter in Resources */ = {isa = PBXBuildFile; fileRef = 849F099E251DCA5300F4D896 /* Compress PDF.qfilter */; };
		849F0991251D9F1200F4D896 /* main.swift in Sources */ = {isa = PBXBuildFile; fileRef = 849F0990251D9F1200F4D896 /* main.swift */; };
		84D4CEFB251F150A0092A7E4 /* PDFCompressorFilterTests.swift in Sources */ = {isa = PBXBuildFile; fileRef = 84D4CEFA251F150A0092A7E4 /* PDFCompressorFilterTests.swift */; };
		84D4CF06251F1CA20092A7E4 /* 03-document.pdf in Resources */ = {isa = PBXBuildFile; fileRef = 84D4CF03251F1CA10092A7E4 /* 03-document.pdf */; };
		84D4CF07251F1CA20092A7E4 /* 02-document.pdf in Resources */ = {isa = PBXBuildFile; fileRef = 84D4CF04251F1CA20092A7E4 /* 02-document.pdf */; };
		84D4CF08251F1CA20092A7E4 /* 01-document.pdf in Resources */ = {isa = PBXBuildFile; fileRef = 84D4CF05251F1CA20092A7E4 /* 01-document.pdf */; };
		84D4CF10251F1FDF0092A7E4 /* PDFCompressionError.swift in Sources */ = {isa = PBXBuildFile; fileRef = 84D4CF0F251F1FDF0092A7E4 /* PDFCompressionError.swift */; };
/* End PBXBuildFile section */

/* Begin PBXContainerItemProxy section */
		84993C98251EB6C3003411BD /* PBXContainerItemProxy */ = {
			isa = PBXContainerItemProxy;
			containerPortal = 849F0985251D9F1200F4D896 /* Project object */;
			proxyType = 1;
			remoteGlobalIDString = 84993C8D251EB6C3003411BD;
			remoteInfo = PDFCompressor;
		};
		84993CC6251EB86A003411BD /* PBXContainerItemProxy */ = {
			isa = PBXContainerItemProxy;
			containerPortal = 849F0985251D9F1200F4D896 /* Project object */;
			proxyType = 1;
			remoteGlobalIDString = 84993C8D251EB6C3003411BD;
			remoteInfo = PDFCompressor;
		};
/* End PBXContainerItemProxy section */

/* Begin PBXFileReference section */
		84993C8E251EB6C3003411BD /* PDFCompressor.framework */ = {isa = PBXFileReference; explicitFileType = wrapper.framework; includeInIndex = 0; path = PDFCompressor.framework; sourceTree = BUILT_PRODUCTS_DIR; };
		84993C90251EB6C3003411BD /* PDFCompressor.h */ = {isa = PBXFileReference; lastKnownFileType = sourcecode.c.h; path = PDFCompressor.h; sourceTree = "<group>"; };
		84993C91251EB6C3003411BD /* Info.plist */ = {isa = PBXFileReference; lastKnownFileType = text.plist.xml; path = Info.plist; sourceTree = "<group>"; };
		84993C96251EB6C3003411BD /* PDFCompressorTests.xctest */ = {isa = PBXFileReference; explicitFileType = wrapper.cfbundle; includeInIndex = 0; path = PDFCompressorTests.xctest; sourceTree = BUILT_PRODUCTS_DIR; };
		84993C9B251EB6C3003411BD /* PDFCompressorCompressionTests.swift */ = {isa = PBXFileReference; indentWidth = 4; lastKnownFileType = sourcecode.swift; path = PDFCompressorCompressionTests.swift; sourceTree = "<group>"; };
		84993C9D251EB6C4003411BD /* Info.plist */ = {isa = PBXFileReference; lastKnownFileType = text.plist.xml; path = Info.plist; sourceTree = "<group>"; };
		849F098D251D9F1200F4D896 /* compress-pdf */ = {isa = PBXFileReference; explicitFileType = "compiled.mach-o.executable"; includeInIndex = 0; path = "compress-pdf"; sourceTree = BUILT_PRODUCTS_DIR; };
		849F0990251D9F1200F4D896 /* main.swift */ = {isa = PBXFileReference; lastKnownFileType = sourcecode.swift; path = main.swift; sourceTree = "<group>"; };
		849F0998251D9F3E00F4D896 /* PDFCompressor.swift */ = {isa = PBXFileReference; lastKnownFileType = sourcecode.swift; path = PDFCompressor.swift; sourceTree = "<group>"; };
		849F099E251DCA5300F4D896 /* Compress PDF.qfilter */ = {isa = PBXFileReference; indentWidth = 4; lastKnownFileType = text.xml; path = "Compress PDF.qfilter"; sourceTree = "<group>"; };
		849F09A8251DDC5300F4D896 /* QuartzFilter+ResourceName.swift */ = {isa = PBXFileReference; lastKnownFileType = sourcecode.swift; path = "QuartzFilter+ResourceName.swift"; sourceTree = "<group>"; };
		84D4CEF6251F12740092A7E4 /* PDFCompressorTestPlan.xctestplan */ = {isa = PBXFileReference; lastKnownFileType = text; path = PDFCompressorTestPlan.xctestplan; sourceTree = "<group>"; };
		84D4CEFA251F150A0092A7E4 /* PDFCompressorFilterTests.swift */ = {isa = PBXFileReference; lastKnownFileType = sourcecode.swift; path = PDFCompressorFilterTests.swift; sourceTree = "<group>"; };
		84D4CF03251F1CA10092A7E4 /* 03-document.pdf */ = {isa = PBXFileReference; lastKnownFileType = image.pdf; path = "03-document.pdf"; sourceTree = "<group>"; };
		84D4CF04251F1CA20092A7E4 /* 02-document.pdf */ = {isa = PBXFileReference; lastKnownFileType = image.pdf; path = "02-document.pdf"; sourceTree = "<group>"; };
		84D4CF05251F1CA20092A7E4 /* 01-document.pdf */ = {isa = PBXFileReference; lastKnownFileType = image.pdf; path = "01-document.pdf"; sourceTree = "<group>"; };
		84D4CF0F251F1FDF0092A7E4 /* PDFCompressionError.swift */ = {isa = PBXFileReference; lastKnownFileType = sourcecode.swift; path = PDFCompressionError.swift; sourceTree = "<group>"; };
/* End PBXFileReference section */

/* Begin PBXFrameworksBuildPhase section */
		84993C8B251EB6C3003411BD /* Frameworks */ = {
			isa = PBXFrameworksBuildPhase;
			buildActionMask = 2147483647;
			files = (
			);
			runOnlyForDeploymentPostprocessing = 0;
		};
		84993C93251EB6C3003411BD /* Frameworks */ = {
			isa = PBXFrameworksBuildPhase;
			buildActionMask = 2147483647;
			files = (
				84993C97251EB6C3003411BD /* PDFCompressor.framework in Frameworks */,
			);
			runOnlyForDeploymentPostprocessing = 0;
		};
		849F098A251D9F1200F4D896 /* Frameworks */ = {
			isa = PBXFrameworksBuildPhase;
			buildActionMask = 2147483647;
			files = (
			);
			runOnlyForDeploymentPostprocessing = 0;
		};
/* End PBXFrameworksBuildPhase section */

/* Begin PBXGroup section */
		84993C8F251EB6C3003411BD /* PDFCompressor */ = {
			isa = PBXGroup;
			children = (
				849F099D251DC9F900F4D896 /* Resources */,
				84993C90251EB6C3003411BD /* PDFCompressor.h */,
				849F0998251D9F3E00F4D896 /* PDFCompressor.swift */,
				84D4CF0F251F1FDF0092A7E4 /* PDFCompressionError.swift */,
				849F09A8251DDC5300F4D896 /* QuartzFilter+ResourceName.swift */,
				84993C91251EB6C3003411BD /* Info.plist */,
			);
			path = PDFCompressor;
			sourceTree = "<group>";
		};
		84993C9A251EB6C3003411BD /* PDFCompressorTests */ = {
			isa = PBXGroup;
			children = (
				84D4CF02251F1C690092A7E4 /* Resources */,
				84993C9B251EB6C3003411BD /* PDFCompressorCompressionTests.swift */,
				84D4CEFA251F150A0092A7E4 /* PDFCompressorFilterTests.swift */,
				84D4CEF6251F12740092A7E4 /* PDFCompressorTestPlan.xctestplan */,
				84993C9D251EB6C4003411BD /* Info.plist */,
			);
			path = PDFCompressorTests;
			sourceTree = "<group>";
		};
		849F0984251D9F1200F4D896 = {
			isa = PBXGroup;
			children = (
				849F098F251D9F1200F4D896 /* compress-pdf */,
				84993C8F251EB6C3003411BD /* PDFCompressor */,
				84993C9A251EB6C3003411BD /* PDFCompressorTests */,
				849F098E251D9F1200F4D896 /* Products */,
			);
			sourceTree = "<group>";
		};
		849F098E251D9F1200F4D896 /* Products */ = {
			isa = PBXGroup;
			children = (
				849F098D251D9F1200F4D896 /* compress-pdf */,
				84993C8E251EB6C3003411BD /* PDFCompressor.framework */,
				84993C96251EB6C3003411BD /* PDFCompressorTests.xctest */,
			);
			name = Products;
			sourceTree = "<group>";
		};
		849F098F251D9F1200F4D896 /* compress-pdf */ = {
			isa = PBXGroup;
			children = (
				849F0990251D9F1200F4D896 /* main.swift */,
			);
			path = "compress-pdf";
			sourceTree = "<group>";
		};
		849F099C251DC87A00F4D896 /* Filters */ = {
			isa = PBXGroup;
			children = (
				849F099E251DCA5300F4D896 /* Compress PDF.qfilter */,
			);
			path = Filters;
			sourceTree = "<group>";
		};
		849F099D251DC9F900F4D896 /* Resources */ = {
			isa = PBXGroup;
			children = (
				849F099C251DC87A00F4D896 /* Filters */,
			);
			path = Resources;
			sourceTree = "<group>";
		};
		84D4CF02251F1C690092A7E4 /* Resources */ = {
			isa = PBXGroup;
			children = (
				84D4CF05251F1CA20092A7E4 /* 01-document.pdf */,
				84D4CF04251F1CA20092A7E4 /* 02-document.pdf */,
				84D4CF03251F1CA10092A7E4 /* 03-document.pdf */,
			);
			path = Resources;
			sourceTree = "<group>";
		};
/* End PBXGroup section */

/* Begin PBXHeadersBuildPhase section */
		84993C89251EB6C3003411BD /* Headers */ = {
			isa = PBXHeadersBuildPhase;
			buildActionMask = 2147483647;
			files = (
				84993C9E251EB6C4003411BD /* PDFCompressor.h in Headers */,
			);
			runOnlyForDeploymentPostprocessing = 0;
		};
/* End PBXHeadersBuildPhase section */

/* Begin PBXNativeTarget section */
		84993C8D251EB6C3003411BD /* PDFCompressor */ = {
			isa = PBXNativeTarget;
			buildConfigurationList = 84993C9F251EB6C4003411BD /* Build configuration list for PBXNativeTarget "PDFCompressor" */;
			buildPhases = (
				84993C89251EB6C3003411BD /* Headers */,
				84993C8A251EB6C3003411BD /* Sources */,
				84993C8B251EB6C3003411BD /* Frameworks */,
				84993C8C251EB6C3003411BD /* Resources */,
			);
			buildRules = (
			);
			dependencies = (
			);
			name = PDFCompressor;
			productName = PDFCompressor;
			productReference = 84993C8E251EB6C3003411BD /* PDFCompressor.framework */;
			productType = "com.apple.product-type.framework";
		};
		84993C95251EB6C3003411BD /* PDFCompressorTests */ = {
			isa = PBXNativeTarget;
			buildConfigurationList = 84993CA2251EB6C4003411BD /* Build configuration list for PBXNativeTarget "PDFCompressorTests" */;
			buildPhases = (
				84993C92251EB6C3003411BD /* Sources */,
				84993C93251EB6C3003411BD /* Frameworks */,
				84993C94251EB6C3003411BD /* Resources */,
			);
			buildRules = (
			);
			dependencies = (
				84993C99251EB6C3003411BD /* PBXTargetDependency */,
			);
			name = PDFCompressorTests;
			productName = PDFCompressorTests;
			productReference = 84993C96251EB6C3003411BD /* PDFCompressorTests.xctest */;
			productType = "com.apple.product-type.bundle.unit-test";
		};
		849F098C251D9F1200F4D896 /* compress-pdf */ = {
			isa = PBXNativeTarget;
			buildConfigurationList = 849F0994251D9F1200F4D896 /* Build configuration list for PBXNativeTarget "compress-pdf" */;
			buildPhases = (
				849F0989251D9F1200F4D896 /* Sources */,
				849F098A251D9F1200F4D896 /* Frameworks */,
			);
			buildRules = (
			);
			dependencies = (
				84993CC7251EB86A003411BD /* PBXTargetDependency */,
			);
			name = "compress-pdf";
			productName = "compress-pdf";
			productReference = 849F098D251D9F1200F4D896 /* compress-pdf */;
			productType = "com.apple.product-type.tool";
		};
/* End PBXNativeTarget section */

/* Begin PBXProject section */
		849F0985251D9F1200F4D896 /* Project object */ = {
			isa = PBXProject;
			attributes = {
				LastSwiftUpdateCheck = 1200;
				LastUpgradeCheck = 1200;
				ORGANIZATIONNAME = com.maximpuchkov;
				TargetAttributes = {
					84993C8D251EB6C3003411BD = {
						CreatedOnToolsVersion = 12.0;
					};
					84993C95251EB6C3003411BD = {
						CreatedOnToolsVersion = 12.0;
					};
					849F098C251D9F1200F4D896 = {
						CreatedOnToolsVersion = 12.0;
					};
				};
			};
			buildConfigurationList = 849F0988251D9F1200F4D896 /* Build configuration list for PBXProject "compress-pdf" */;
			compatibilityVersion = "Xcode 9.3";
			developmentRegion = en;
			hasScannedForEncodings = 0;
			knownRegions = (
				en,
				Base,
			);
			mainGroup = 849F0984251D9F1200F4D896;
			productRefGroup = 849F098E251D9F1200F4D896 /* Products */;
			projectDirPath = "";
			projectRoot = "";
			targets = (
				849F098C251D9F1200F4D896 /* compress-pdf */,
				84993C8D251EB6C3003411BD /* PDFCompressor */,
				84993C95251EB6C3003411BD /* PDFCompressorTests */,
			);
		};
/* End PBXProject section */

/* Begin PBXResourcesBuildPhase section */
		84993C8C251EB6C3003411BD /* Resources */ = {
			isa = PBXResourcesBuildPhase;
			buildActionMask = 2147483647;
			files = (
				84993CE1251EB9D5003411BD /* Compress PDF.qfilter in Resources */,
			);
			runOnlyForDeploymentPostprocessing = 0;
		};
		84993C94251EB6C3003411BD /* Resources */ = {
			isa = PBXResourcesBuildPhase;
			buildActionMask = 2147483647;
			files = (
				84D4CF08251F1CA20092A7E4 /* 01-document.pdf in Resources */,
				84D4CF06251F1CA20092A7E4 /* 03-document.pdf in Resources */,
				84D4CF07251F1CA20092A7E4 /* 02-document.pdf in Resources */,
				84993D05251EDAAA003411BD /* Compress PDF.qfilter in Resources */,
			);
			runOnlyForDeploymentPostprocessing = 0;
		};
/* End PBXResourcesBuildPhase section */

/* Begin PBXSourcesBuildPhase section */
		84993C8A251EB6C3003411BD /* Sources */ = {
			isa = PBXSourcesBuildPhase;
			buildActionMask = 2147483647;
			files = (
				84D4CF10251F1FDF0092A7E4 /* PDFCompressionError.swift in Sources */,
				84993CAD251EB7E1003411BD /* PDFCompressor.swift in Sources */,
				84993CB4251EB7E4003411BD /* QuartzFilter+ResourceName.swift in Sources */,
			);
			runOnlyForDeploymentPostprocessing = 0;
		};
		84993C92251EB6C3003411BD /* Sources */ = {
			isa = PBXSourcesBuildPhase;
			buildActionMask = 2147483647;
			files = (
				84993C9C251EB6C4003411BD /* PDFCompressorCompressionTests.swift in Sources */,
				84D4CEFB251F150A0092A7E4 /* PDFCompressorFilterTests.swift in Sources */,
			);
			runOnlyForDeploymentPostprocessing = 0;
		};
		849F0989251D9F1200F4D896 /* Sources */ = {
			isa = PBXSourcesBuildPhase;
			buildActionMask = 2147483647;
			files = (
				849F0991251D9F1200F4D896 /* main.swift in Sources */,
			);
			runOnlyForDeploymentPostprocessing = 0;
		};
/* End PBXSourcesBuildPhase section */

/* Begin PBXTargetDependency section */
		84993C99251EB6C3003411BD /* PBXTargetDependency */ = {
			isa = PBXTargetDependency;
			target = 84993C8D251EB6C3003411BD /* PDFCompressor */;
			targetProxy = 84993C98251EB6C3003411BD /* PBXContainerItemProxy */;
		};
		84993CC7251EB86A003411BD /* PBXTargetDependency */ = {
			isa = PBXTargetDependency;
			target = 84993C8D251EB6C3003411BD /* PDFCompressor */;
			targetProxy = 84993CC6251EB86A003411BD /* PBXContainerItemProxy */;
		};
/* End PBXTargetDependency section */

/* Begin XCBuildConfiguration section */
		84993CA0251EB6C4003411BD /* Debug */ = {
			isa = XCBuildConfiguration;
			buildSettings = {
				CODE_SIGN_STYLE = Automatic;
				COMBINE_HIDPI_IMAGES = YES;
				CURRENT_PROJECT_VERSION = 1;
				DEFINES_MODULE = YES;
				DEVELOPMENT_TEAM = U55Q33J358;
				DYLIB_COMPATIBILITY_VERSION = 1;
				DYLIB_CURRENT_VERSION = 1;
				DYLIB_INSTALL_NAME_BASE = "@rpath";
				INFOPLIST_FILE = PDFCompressor/Info.plist;
				INSTALL_PATH = "$(LOCAL_LIBRARY_DIR)/Frameworks";
				LD_RUNPATH_SEARCH_PATHS = (
					"$(inherited)",
					"@executable_path/../Frameworks",
					"@loader_path/Frameworks",
				);
				PRODUCT_BUNDLE_IDENTIFIER = com.maximpuchkov.PDFCompressor;
				PRODUCT_NAME = "$(TARGET_NAME:c99extidentifier)";
				SKIP_INSTALL = YES;
				SWIFT_VERSION = 5.0;
				VERSIONING_SYSTEM = "apple-generic";
				VERSION_INFO_PREFIX = "";
			};
			name = Debug;
		};
		84993CA1251EB6C4003411BD /* Release */ = {
			isa = XCBuildConfiguration;
			buildSettings = {
				CODE_SIGN_STYLE = Automatic;
				COMBINE_HIDPI_IMAGES = YES;
				CURRENT_PROJECT_VERSION = 1;
				DEFINES_MODULE = YES;
				DEVELOPMENT_TEAM = U55Q33J358;
				DYLIB_COMPATIBILITY_VERSION = 1;
				DYLIB_CURRENT_VERSION = 1;
				DYLIB_INSTALL_NAME_BASE = "@rpath";
				INFOPLIST_FILE = PDFCompressor/Info.plist;
				INSTALL_PATH = "$(LOCAL_LIBRARY_DIR)/Frameworks";
				LD_RUNPATH_SEARCH_PATHS = (
					"$(inherited)",
					"@executable_path/../Frameworks",
					"@loader_path/Frameworks",
				);
				PRODUCT_BUNDLE_IDENTIFIER = com.maximpuchkov.PDFCompressor;
				PRODUCT_NAME = "$(TARGET_NAME:c99extidentifier)";
				SKIP_INSTALL = YES;
				SWIFT_VERSION = 5.0;
				VERSIONING_SYSTEM = "apple-generic";
				VERSION_INFO_PREFIX = "";
			};
			name = Release;
		};
		84993CA3251EB6C4003411BD /* Debug */ = {
			isa = XCBuildConfiguration;
			buildSettings = {
				ALWAYS_EMBED_SWIFT_STANDARD_LIBRARIES = YES;
				CODE_SIGN_STYLE = Automatic;
				COMBINE_HIDPI_IMAGES = YES;
				DEVELOPMENT_TEAM = U55Q33J358;
				INFOPLIST_FILE = PDFCompressorTests/Info.plist;
				LD_RUNPATH_SEARCH_PATHS = (
					"$(inherited)",
					"@executable_path/../Frameworks",
					"@loader_path/../Frameworks",
				);
				PRODUCT_BUNDLE_IDENTIFIER = com.maximpuchkov.PDFCompressorTests;
				PRODUCT_NAME = "$(TARGET_NAME)";
				SWIFT_VERSION = 5.0;
			};
			name = Debug;
		};
		84993CA4251EB6C4003411BD /* Release */ = {
			isa = XCBuildConfiguration;
			buildSettings = {
				ALWAYS_EMBED_SWIFT_STANDARD_LIBRARIES = YES;
				CODE_SIGN_STYLE = Automatic;
				COMBINE_HIDPI_IMAGES = YES;
				DEVELOPMENT_TEAM = U55Q33J358;
				INFOPLIST_FILE = PDFCompressorTests/Info.plist;
				LD_RUNPATH_SEARCH_PATHS = (
					"$(inherited)",
					"@executable_path/../Frameworks",
					"@loader_path/../Frameworks",
				);
				PRODUCT_BUNDLE_IDENTIFIER = com.maximpuchkov.PDFCompressorTests;
				PRODUCT_NAME = "$(TARGET_NAME)";
				SWIFT_VERSION = 5.0;
			};
			name = Release;
		};
		849F0992251D9F1200F4D896 /* Debug */ = {
			isa = XCBuildConfiguration;
			buildSettings = {
				ALWAYS_SEARCH_USER_PATHS = NO;
				CLANG_ANALYZER_NONNULL = YES;
				CLANG_ANALYZER_NUMBER_OBJECT_CONVERSION = YES_AGGRESSIVE;
				CLANG_CXX_LANGUAGE_STANDARD = "gnu++14";
				CLANG_CXX_LIBRARY = "libc++";
				CLANG_ENABLE_MODULES = YES;
				CLANG_ENABLE_OBJC_ARC = YES;
				CLANG_ENABLE_OBJC_WEAK = YES;
				CLANG_WARN_BLOCK_CAPTURE_AUTORELEASING = YES;
				CLANG_WARN_BOOL_CONVERSION = YES;
				CLANG_WARN_COMMA = YES;
				CLANG_WARN_CONSTANT_CONVERSION = YES;
				CLANG_WARN_DEPRECATED_OBJC_IMPLEMENTATIONS = YES;
				CLANG_WARN_DIRECT_OBJC_ISA_USAGE = YES_ERROR;
				CLANG_WARN_DOCUMENTATION_COMMENTS = YES;
				CLANG_WARN_EMPTY_BODY = YES;
				CLANG_WARN_ENUM_CONVERSION = YES;
				CLANG_WARN_INFINITE_RECURSION = YES;
				CLANG_WARN_INT_CONVERSION = YES;
				CLANG_WARN_NON_LITERAL_NULL_CONVERSION = YES;
				CLANG_WARN_OBJC_IMPLICIT_RETAIN_SELF = YES;
				CLANG_WARN_OBJC_LITERAL_CONVERSION = YES;
				CLANG_WARN_OBJC_ROOT_CLASS = YES_ERROR;
				CLANG_WARN_QUOTED_INCLUDE_IN_FRAMEWORK_HEADER = YES;
				CLANG_WARN_RANGE_LOOP_ANALYSIS = YES;
				CLANG_WARN_STRICT_PROTOTYPES = YES;
				CLANG_WARN_SUSPICIOUS_MOVE = YES;
				CLANG_WARN_UNGUARDED_AVAILABILITY = YES_AGGRESSIVE;
				CLANG_WARN_UNREACHABLE_CODE = YES;
				CLANG_WARN__DUPLICATE_METHOD_MATCH = YES;
				COPY_PHASE_STRIP = NO;
				DEBUG_INFORMATION_FORMAT = dwarf;
				ENABLE_STRICT_OBJC_MSGSEND = YES;
				ENABLE_TESTABILITY = YES;
				GCC_C_LANGUAGE_STANDARD = gnu11;
				GCC_DYNAMIC_NO_PIC = NO;
				GCC_NO_COMMON_BLOCKS = YES;
				GCC_OPTIMIZATION_LEVEL = 0;
				GCC_PREPROCESSOR_DEFINITIONS = (
					"DEBUG=1",
					"$(inherited)",
				);
				GCC_WARN_64_TO_32_BIT_CONVERSION = YES;
				GCC_WARN_ABOUT_RETURN_TYPE = YES_ERROR;
				GCC_WARN_UNDECLARED_SELECTOR = YES;
				GCC_WARN_UNINITIALIZED_AUTOS = YES_AGGRESSIVE;
				GCC_WARN_UNUSED_FUNCTION = YES;
				GCC_WARN_UNUSED_VARIABLE = YES;
				MACOSX_DEPLOYMENT_TARGET = 10.15;
				MTL_ENABLE_DEBUG_INFO = INCLUDE_SOURCE;
				MTL_FAST_MATH = YES;
				ONLY_ACTIVE_ARCH = YES;
				SDKROOT = macosx;
				SWIFT_ACTIVE_COMPILATION_CONDITIONS = DEBUG;
				SWIFT_OPTIMIZATION_LEVEL = "-Onone";
			};
			name = Debug;
		};
		849F0993251D9F1200F4D896 /* Release */ = {
			isa = XCBuildConfiguration;
			buildSettings = {
				ALWAYS_SEARCH_USER_PATHS = NO;
				CLANG_ANALYZER_NONNULL = YES;
				CLANG_ANALYZER_NUMBER_OBJECT_CONVERSION = YES_AGGRESSIVE;
				CLANG_CXX_LANGUAGE_STANDARD = "gnu++14";
				CLANG_CXX_LIBRARY = "libc++";
				CLANG_ENABLE_MODULES = YES;
				CLANG_ENABLE_OBJC_ARC = YES;
				CLANG_ENABLE_OBJC_WEAK = YES;
				CLANG_WARN_BLOCK_CAPTURE_AUTORELEASING = YES;
				CLANG_WARN_BOOL_CONVERSION = YES;
				CLANG_WARN_COMMA = YES;
				CLANG_WARN_CONSTANT_CONVERSION = YES;
				CLANG_WARN_DEPRECATED_OBJC_IMPLEMENTATIONS = YES;
				CLANG_WARN_DIRECT_OBJC_ISA_USAGE = YES_ERROR;
				CLANG_WARN_DOCUMENTATION_COMMENTS = YES;
				CLANG_WARN_EMPTY_BODY = YES;
				CLANG_WARN_ENUM_CONVERSION = YES;
				CLANG_WARN_INFINITE_RECURSION = YES;
				CLANG_WARN_INT_CONVERSION = YES;
				CLANG_WARN_NON_LITERAL_NULL_CONVERSION = YES;
				CLANG_WARN_OBJC_IMPLICIT_RETAIN_SELF = YES;
				CLANG_WARN_OBJC_LITERAL_CONVERSION = YES;
				CLANG_WARN_OBJC_ROOT_CLASS = YES_ERROR;
				CLANG_WARN_QUOTED_INCLUDE_IN_FRAMEWORK_HEADER = YES;
				CLANG_WARN_RANGE_LOOP_ANALYSIS = YES;
				CLANG_WARN_STRICT_PROTOTYPES = YES;
				CLANG_WARN_SUSPICIOUS_MOVE = YES;
				CLANG_WARN_UNGUARDED_AVAILABILITY = YES_AGGRESSIVE;
				CLANG_WARN_UNREACHABLE_CODE = YES;
				CLANG_WARN__DUPLICATE_METHOD_MATCH = YES;
				COPY_PHASE_STRIP = NO;
				DEBUG_INFORMATION_FORMAT = "dwarf-with-dsym";
				ENABLE_NS_ASSERTIONS = NO;
				ENABLE_STRICT_OBJC_MSGSEND = YES;
				GCC_C_LANGUAGE_STANDARD = gnu11;
				GCC_NO_COMMON_BLOCKS = YES;
				GCC_WARN_64_TO_32_BIT_CONVERSION = YES;
				GCC_WARN_ABOUT_RETURN_TYPE = YES_ERROR;
				GCC_WARN_UNDECLARED_SELECTOR = YES;
				GCC_WARN_UNINITIALIZED_AUTOS = YES_AGGRESSIVE;
				GCC_WARN_UNUSED_FUNCTION = YES;
				GCC_WARN_UNUSED_VARIABLE = YES;
				MACOSX_DEPLOYMENT_TARGET = 10.15;
				MTL_ENABLE_DEBUG_INFO = NO;
				MTL_FAST_MATH = YES;
				SDKROOT = macosx;
				SWIFT_COMPILATION_MODE = wholemodule;
				SWIFT_OPTIMIZATION_LEVEL = "-O";
			};
			name = Release;
		};
		849F0995251D9F1200F4D896 /* Debug */ = {
			isa = XCBuildConfiguration;
			buildSettings = {
				CODE_SIGN_STYLE = Automatic;
				DEVELOPMENT_TEAM = U55Q33J358;
				ENABLE_HARDENED_RUNTIME = YES;
				PRODUCT_NAME = "$(TARGET_NAME)";
				SWIFT_VERSION = 5.0;
			};
			name = Debug;
		};
		849F0996251D9F1200F4D896 /* Release */ = {
			isa = XCBuildConfiguration;
			buildSettings = {
				CODE_SIGN_STYLE = Automatic;
				DEVELOPMENT_TEAM = U55Q33J358;
				ENABLE_HARDENED_RUNTIME = YES;
				PRODUCT_NAME = "$(TARGET_NAME)";
				SWIFT_VERSION = 5.0;
			};
			name = Release;
		};
/* End XCBuildConfiguration section */

/* Begin XCConfigurationList section */
		84993C9F251EB6C4003411BD /* Build configuration list for PBXNativeTarget "PDFCompressor" */ = {
			isa = XCConfigurationList;
			buildConfigurations = (
				84993CA0251EB6C4003411BD /* Debug */,
				84993CA1251EB6C4003411BD /* Release */,
			);
			defaultConfigurationIsVisible = 0;
			defaultConfigurationName = Release;
		};
		84993CA2251EB6C4003411BD /* Build configuration list for PBXNativeTarget "PDFCompressorTests" */ = {
			isa = XCConfigurationList;
			buildConfigurations = (
				84993CA3251EB6C4003411BD /* Debug */,
				84993CA4251EB6C4003411BD /* Release */,
			);
			defaultConfigurationIsVisible = 0;
			defaultConfigurationName = Release;
		};
		849F0988251D9F1200F4D896 /* Build configuration list for PBXProject "compress-pdf" */ = {
			isa = XCConfigurationList;
			buildConfigurations = (
				849F0992251D9F1200F4D896 /* Debug */,
				849F0993251D9F1200F4D896 /* Release */,
			);
			defaultConfigurationIsVisible = 0;
			defaultConfigurationName = Release;
		};
		849F0994251D9F1200F4D896 /* Build configuration list for PBXNativeTarget "compress-pdf" */ = {
			isa = XCConfigurationList;
			buildConfigurations = (
				849F0995251D9F1200F4D896 /* Debug */,
				849F0996251D9F1200F4D896 /* Release */,
			);
			defaultConfigurationIsVisible = 0;
			defaultConfigurationName = Release;
		};
/* End XCConfigurationList section */
	};
	rootObject = 849F0985251D9F1200F4D896 /* Project object */;
}
